PODS:
  - AFNetworking/NSURLSession (4.0.2):
    - AFNetworking/Reachability
    - AFNetworking/Security
    - AFNetworking/Serialization
  - AFNetworking/Reachability (4.0.2)
  - AFNetworking/Security (4.0.2)
  - AFNetworking/Serialization (4.0.2)
  - MapxusBaseSDK (6.6.0):
    - AFNetworking/NSURLSession (~> 4.0.2)
    - AFNetworking/Reachability (~> 4.0.2)
    - AFNetworking/Security (~> 4.0.2)
    - AFNetworking/Serialization (~> 4.0.2)
    - YYModel (~> 1.0.5)
  - YYModel (1.0.5)

DEPENDENCIES:
  - MapxusBaseSDK (from `../mapxus-base-sdk-ios`)

SPEC REPOS:
  https://github.com/Mapxus/mapxusSpecs.git:
    - AFNetworking
    - YYModel

EXTERNAL SOURCES:
  MapxusBaseSDK:
    :path: "../mapxus-base-sdk-ios"

SPEC CHECKSUMS:
  AFNetworking: 24bbe15bca5f5c108a34a2608c8efd9d548ee884
  MapxusBaseSDK: 450279cb96ce8c00138eb0ae289ebe9d49d5243e
  YYModel: 035c452ebe1aca91282aa570739c55f3d5e1b16e

PODFILE CHECKSUM: ceb0a8dcd7ef23d14f6e9f42c6008a2172c40995

COCOAPODS: 1.15.0
