PODS:
  - AFNetworking/NSURLSession (4.0.1):
    - AFNetworking/Reachability
    - AFNetworking/Security
    - AFNetworking/Serialization
  - AFNetworking/Reachability (4.0.1)
  - AFNetworking/Security (4.0.1)
  - AFNetworking/Serialization (4.0.1)
  - MapxusBaseSDK (6.1.0):
    - AFNetworking/NSURLSession (~> 4.0)
    - AFNetworking/Reachability (~> 4.0)
    - AFNetworking/Security (~> 4.0)
    - AFNetworking/Serialization (~> 4.0)
    - YYModel (~> 1.0.4)
  - YYModel (1.0.4)

DEPENDENCIES:
  - MapxusBaseSDK (from `../mapxus-base-sdk-ios`)

SPEC REPOS:
  https://nexus3.mapxus.com/repository/cocoapods-proxy/:
    - AFNetworking
    - YYModel

EXTERNAL SOURCES:
  MapxusBaseSDK:
    :path: "../mapxus-base-sdk-ios"

SPEC CHECKSUMS:
  AFNetworking: e27fa2d9d7b9bd6cc4279ee0be09d063d5d9eef6
  MapxusBaseSDK: d17829fc3033d9682d1f0b4d6e5d907a599632eb
  YYModel: 47e490c065087c7c7ca264de8f2b418b28e77371

PODFILE CHECKSUM: 9ae95bc68cf2bfa0cdde81ef6f2e8cd6c9392b54

COCOAPODS: 1.12.1
