// !$*UTF8*$!
{
	archiveVersion = 1;
	classes = {
	};
	objectVersion = 56;
	objects = {

/* Begin PBXAggregateTarget section */
		89E1348529E95B9800D954D1 /* MapxusVisualSDK-Universal */ = {
			isa = PBXAggregateTarget;
			buildConfigurationList = 89E1348629E95B9800D954D1 /* Build configuration list for PBXAggregateTarget "MapxusVisualSDK-Universal" */;
			buildPhases = (
				89E1348929E95B9C00D954D1 /* ShellScript */,
			);
			dependencies = (
			);
			name = "MapxusVisualSDK-Universal";
			productName = "MapxusVisualSDK-Universal";
		};
/* End PBXAggregateTarget section */

/* Begin PBXBuildFile section */
		888F85238748BB36D4784505 /* Pods_MapxusVisualSDKTests.framework in Frameworks */ = {isa = PBXBuildFile; fileRef = 02ED9855B55C64D64B073469 /* Pods_MapxusVisualSDKTests.framework */; };
		89E1343329E94AB700D954D1 /* MapxusVisualSDK.framework in Frameworks */ = {isa = PBXBuildFile; fileRef = 89E1342A29E94AB700D954D1 /* MapxusVisualSDK.framework */; };
		89E1343829E94AB700D954D1 /* MapxusVisualSDKTests.m in Sources */ = {isa = PBXBuildFile; fileRef = 89E1343729E94AB700D954D1 /* MapxusVisualSDKTests.m */; };
		89E1343929E94AB700D954D1 /* MapxusVisualSDK.h in Headers */ = {isa = PBXBuildFile; fileRef = 89E1342D29E94AB700D954D1 /* MapxusVisualSDK.h */; settings = {ATTRIBUTES = (Public, ); }; };
		89E1345529E94E0A00D954D1 /* MXMVisualSearchOption.h in Headers */ = {isa = PBXBuildFile; fileRef = 89E1344229E94E0900D954D1 /* MXMVisualSearchOption.h */; settings = {ATTRIBUTES = (Public, ); }; };
		89E1345629E94E0A00D954D1 /* MXMNode.h in Headers */ = {isa = PBXBuildFile; fileRef = 89E1344329E94E0900D954D1 /* MXMNode.h */; settings = {ATTRIBUTES = (Public, ); }; };
		89E1345729E94E0A00D954D1 /* MXMHttpManager.h in Headers */ = {isa = PBXBuildFile; fileRef = 89E1344529E94E0900D954D1 /* MXMHttpManager.h */; };
		89E1345829E94E0A00D954D1 /* JXJsonFunctionDefine.h in Headers */ = {isa = PBXBuildFile; fileRef = 89E1344629E94E0900D954D1 /* JXJsonFunctionDefine.h */; };
		89E1345929E94E0A00D954D1 /* MXMLoggerService.h in Headers */ = {isa = PBXBuildFile; fileRef = 89E1344729E94E0900D954D1 /* MXMLoggerService.h */; };
		89E1345A29E94E0A00D954D1 /* NSString+Compare.h in Headers */ = {isa = PBXBuildFile; fileRef = 89E1344829E94E0900D954D1 /* NSString+Compare.h */; };
		89E1345B29E94E0A00D954D1 /* MXMMapServices+Private.h in Headers */ = {isa = PBXBuildFile; fileRef = 89E1344929E94E0900D954D1 /* MXMMapServices+Private.h */; };
		89E1345C29E94E0A00D954D1 /* MXMConstants.h in Headers */ = {isa = PBXBuildFile; fileRef = 89E1344A29E94E0900D954D1 /* MXMConstants.h */; };
		89E1345D29E94E0A00D954D1 /* MXMNode.m in Sources */ = {isa = PBXBuildFile; fileRef = 89E1344B29E94E0900D954D1 /* MXMNode.m */; };
		89E1345E29E94E0A00D954D1 /* MXMVisualView.m in Sources */ = {isa = PBXBuildFile; fileRef = 89E1344C29E94E0900D954D1 /* MXMVisualView.m */; };
		89E1345F29E94E0A00D954D1 /* MXMNodeGroup.h in Headers */ = {isa = PBXBuildFile; fileRef = 89E1344D29E94E0900D954D1 /* MXMNodeGroup.h */; settings = {ATTRIBUTES = (Public, ); }; };
		89E1346029E94E0A00D954D1 /* MXMVisualBrowse.html in Resources */ = {isa = PBXBuildFile; fileRef = 89E1344F29E94E0900D954D1 /* MXMVisualBrowse.html */; };
		89E1346129E94E0A00D954D1 /* MXMVisualSearch.h in Headers */ = {isa = PBXBuildFile; fileRef = 89E1345029E94E0900D954D1 /* MXMVisualSearch.h */; settings = {ATTRIBUTES = (Public, ); }; };
		89E1346229E94E0A00D954D1 /* MXMNodeGroup.m in Sources */ = {isa = PBXBuildFile; fileRef = 89E1345129E94E0900D954D1 /* MXMNodeGroup.m */; };
		89E1346329E94E0A00D954D1 /* MXMVisualSearchOption.m in Sources */ = {isa = PBXBuildFile; fileRef = 89E1345229E94E0900D954D1 /* MXMVisualSearchOption.m */; };
		89E1346429E94E0A00D954D1 /* MXMVisualView.h in Headers */ = {isa = PBXBuildFile; fileRef = 89E1345329E94E0900D954D1 /* MXMVisualView.h */; settings = {ATTRIBUTES = (Public, ); }; };
		89E1346529E94E0A00D954D1 /* MXMVisualSearch.m in Sources */ = {isa = PBXBuildFile; fileRef = 89E1345429E94E0A00D954D1 /* MXMVisualSearch.m */; };
		89E1348229E95B1600D954D1 /* MapxusBaseSDK.xcframework in Frameworks */ = {isa = PBXBuildFile; fileRef = 89E1348129E95B1600D954D1 /* MapxusBaseSDK.xcframework */; };
		CDF9F2ED676016F292576125 /* Pods_MapxusVisualSDK.framework in Frameworks */ = {isa = PBXBuildFile; fileRef = 63ED1474C379D3C91CD43C9C /* Pods_MapxusVisualSDK.framework */; };
/* End PBXBuildFile section */

/* Begin PBXContainerItemProxy section */
		89E1343429E94AB700D954D1 /* PBXContainerItemProxy */ = {
			isa = PBXContainerItemProxy;
			containerPortal = 89E1342129E94AB700D954D1 /* Project object */;
			proxyType = 1;
			remoteGlobalIDString = 89E1342929E94AB700D954D1;
			remoteInfo = MapxusVisualSDK;
		};
/* End PBXContainerItemProxy section */

/* Begin PBXFileReference section */
		02ED9855B55C64D64B073469 /* Pods_MapxusVisualSDKTests.framework */ = {isa = PBXFileReference; explicitFileType = wrapper.framework; includeInIndex = 0; path = Pods_MapxusVisualSDKTests.framework; sourceTree = BUILT_PRODUCTS_DIR; };
		17CFE7D3EA59E24F6E841186 /* Pods-MapxusVisualSDK.release.xcconfig */ = {isa = PBXFileReference; includeInIndex = 1; lastKnownFileType = text.xcconfig; name = "Pods-MapxusVisualSDK.release.xcconfig"; path = "Target Support Files/Pods-MapxusVisualSDK/Pods-MapxusVisualSDK.release.xcconfig"; sourceTree = "<group>"; };
		1FC1CB85783DB2E40F02015B /* Pods-MapxusVisualSDKTests.debug.xcconfig */ = {isa = PBXFileReference; includeInIndex = 1; lastKnownFileType = text.xcconfig; name = "Pods-MapxusVisualSDKTests.debug.xcconfig"; path = "Target Support Files/Pods-MapxusVisualSDKTests/Pods-MapxusVisualSDKTests.debug.xcconfig"; sourceTree = "<group>"; };
		63ED1474C379D3C91CD43C9C /* Pods_MapxusVisualSDK.framework */ = {isa = PBXFileReference; explicitFileType = wrapper.framework; includeInIndex = 0; path = Pods_MapxusVisualSDK.framework; sourceTree = BUILT_PRODUCTS_DIR; };
		89E1342A29E94AB700D954D1 /* MapxusVisualSDK.framework */ = {isa = PBXFileReference; explicitFileType = wrapper.framework; includeInIndex = 0; path = MapxusVisualSDK.framework; sourceTree = BUILT_PRODUCTS_DIR; };
		89E1342D29E94AB700D954D1 /* MapxusVisualSDK.h */ = {isa = PBXFileReference; lastKnownFileType = sourcecode.c.h; path = MapxusVisualSDK.h; sourceTree = "<group>"; };
		89E1343229E94AB700D954D1 /* MapxusVisualSDKTests.xctest */ = {isa = PBXFileReference; explicitFileType = wrapper.cfbundle; includeInIndex = 0; path = MapxusVisualSDKTests.xctest; sourceTree = BUILT_PRODUCTS_DIR; };
		89E1343729E94AB700D954D1 /* MapxusVisualSDKTests.m */ = {isa = PBXFileReference; lastKnownFileType = sourcecode.c.objc; path = MapxusVisualSDKTests.m; sourceTree = "<group>"; };
		89E1344229E94E0900D954D1 /* MXMVisualSearchOption.h */ = {isa = PBXFileReference; fileEncoding = 4; lastKnownFileType = sourcecode.c.h; path = MXMVisualSearchOption.h; sourceTree = "<group>"; };
		89E1344329E94E0900D954D1 /* MXMNode.h */ = {isa = PBXFileReference; fileEncoding = 4; lastKnownFileType = sourcecode.c.h; path = MXMNode.h; sourceTree = "<group>"; };
		89E1344529E94E0900D954D1 /* MXMHttpManager.h */ = {isa = PBXFileReference; fileEncoding = 4; lastKnownFileType = sourcecode.c.h; path = MXMHttpManager.h; sourceTree = "<group>"; };
		89E1344629E94E0900D954D1 /* JXJsonFunctionDefine.h */ = {isa = PBXFileReference; fileEncoding = 4; lastKnownFileType = sourcecode.c.h; path = JXJsonFunctionDefine.h; sourceTree = "<group>"; };
		89E1344729E94E0900D954D1 /* MXMLoggerService.h */ = {isa = PBXFileReference; fileEncoding = 4; lastKnownFileType = sourcecode.c.h; path = MXMLoggerService.h; sourceTree = "<group>"; };
		89E1344829E94E0900D954D1 /* NSString+Compare.h */ = {isa = PBXFileReference; fileEncoding = 4; lastKnownFileType = sourcecode.c.h; path = "NSString+Compare.h"; sourceTree = "<group>"; };
		89E1344929E94E0900D954D1 /* MXMMapServices+Private.h */ = {isa = PBXFileReference; fileEncoding = 4; lastKnownFileType = sourcecode.c.h; path = "MXMMapServices+Private.h"; sourceTree = "<group>"; };
		89E1344A29E94E0900D954D1 /* MXMConstants.h */ = {isa = PBXFileReference; fileEncoding = 4; lastKnownFileType = sourcecode.c.h; path = MXMConstants.h; sourceTree = "<group>"; };
		89E1344B29E94E0900D954D1 /* MXMNode.m */ = {isa = PBXFileReference; fileEncoding = 4; lastKnownFileType = sourcecode.c.objc; path = MXMNode.m; sourceTree = "<group>"; };
		89E1344C29E94E0900D954D1 /* MXMVisualView.m */ = {isa = PBXFileReference; fileEncoding = 4; lastKnownFileType = sourcecode.c.objc; path = MXMVisualView.m; sourceTree = "<group>"; };
		89E1344D29E94E0900D954D1 /* MXMNodeGroup.h */ = {isa = PBXFileReference; fileEncoding = 4; lastKnownFileType = sourcecode.c.h; path = MXMNodeGroup.h; sourceTree = "<group>"; };
		89E1344F29E94E0900D954D1 /* MXMVisualBrowse.html */ = {isa = PBXFileReference; fileEncoding = 4; lastKnownFileType = text.html; path = MXMVisualBrowse.html; sourceTree = "<group>"; };
		89E1345029E94E0900D954D1 /* MXMVisualSearch.h */ = {isa = PBXFileReference; fileEncoding = 4; lastKnownFileType = sourcecode.c.h; path = MXMVisualSearch.h; sourceTree = "<group>"; };
		89E1345129E94E0900D954D1 /* MXMNodeGroup.m */ = {isa = PBXFileReference; fileEncoding = 4; lastKnownFileType = sourcecode.c.objc; path = MXMNodeGroup.m; sourceTree = "<group>"; };
		89E1345229E94E0900D954D1 /* MXMVisualSearchOption.m */ = {isa = PBXFileReference; fileEncoding = 4; lastKnownFileType = sourcecode.c.objc; path = MXMVisualSearchOption.m; sourceTree = "<group>"; };
		89E1345329E94E0900D954D1 /* MXMVisualView.h */ = {isa = PBXFileReference; fileEncoding = 4; lastKnownFileType = sourcecode.c.h; path = MXMVisualView.h; sourceTree = "<group>"; };
		89E1345429E94E0A00D954D1 /* MXMVisualSearch.m */ = {isa = PBXFileReference; fileEncoding = 4; lastKnownFileType = sourcecode.c.objc; path = MXMVisualSearch.m; sourceTree = "<group>"; };
		89E1346629E95ABA00D954D1 /* IOS-Universal-Framework_aggregate.sh */ = {isa = PBXFileReference; fileEncoding = 4; lastKnownFileType = text.script.sh; path = "IOS-Universal-Framework_aggregate.sh"; sourceTree = "<group>"; };
		89E1346729E95ABA00D954D1 /* UploadCocoapods.sh */ = {isa = PBXFileReference; fileEncoding = 4; lastKnownFileType = text.script.sh; path = UploadCocoapods.sh; sourceTree = "<group>"; };
		89E1346829E95ABA00D954D1 /* Gemfile */ = {isa = PBXFileReference; fileEncoding = 4; lastKnownFileType = text; path = Gemfile; sourceTree = "<group>"; };
		89E1346B29E95ABA00D954D1 /* kawasaki.prod.xcconfig */ = {isa = PBXFileReference; fileEncoding = 4; lastKnownFileType = text.xcconfig; path = kawasaki.prod.xcconfig; sourceTree = "<group>"; };
		89E1346C29E95ABA00D954D1 /* common.xcconfig */ = {isa = PBXFileReference; fileEncoding = 4; lastKnownFileType = text.xcconfig; path = common.xcconfig; sourceTree = "<group>"; };
		89E1346E29E95ABA00D954D1 /* mapxus.prod.xcconfig */ = {isa = PBXFileReference; fileEncoding = 4; lastKnownFileType = text.xcconfig; path = mapxus.prod.xcconfig; sourceTree = "<group>"; };
		89E1346F29E95ABA00D954D1 /* landsd.prod.xcconfig */ = {isa = PBXFileReference; fileEncoding = 4; lastKnownFileType = text.xcconfig; path = landsd.prod.xcconfig; sourceTree = "<group>"; };
		89E1347029E95ABA00D954D1 /* mapxus.test.xcconfig */ = {isa = PBXFileReference; fileEncoding = 4; lastKnownFileType = text.xcconfig; path = mapxus.test.xcconfig; sourceTree = "<group>"; };
		89E1347129E95ABA00D954D1 /* landsd.test.xcconfig */ = {isa = PBXFileReference; fileEncoding = 4; lastKnownFileType = text.xcconfig; path = landsd.test.xcconfig; sourceTree = "<group>"; };
		89E1347329E95ABA00D954D1 /* AutoBuild.sh */ = {isa = PBXFileReference; fileEncoding = 4; lastKnownFileType = text.script.sh; path = AutoBuild.sh; sourceTree = "<group>"; };
		89E1348129E95B1600D954D1 /* MapxusBaseSDK.xcframework */ = {isa = PBXFileReference; lastKnownFileType = wrapper.xcframework; name = MapxusBaseSDK.xcframework; path = "../mapxus-base-sdk-ios/dynamic/MapxusBaseSDK.xcframework"; sourceTree = "<group>"; };
		BB40138B5A842DA3B18FD6BA /* Pods-MapxusVisualSDK.debug.xcconfig */ = {isa = PBXFileReference; includeInIndex = 1; lastKnownFileType = text.xcconfig; name = "Pods-MapxusVisualSDK.debug.xcconfig"; path = "Target Support Files/Pods-MapxusVisualSDK/Pods-MapxusVisualSDK.debug.xcconfig"; sourceTree = "<group>"; };
		FDBD4C8D1AF7F8AFB5DD71B6 /* Pods-MapxusVisualSDKTests.release.xcconfig */ = {isa = PBXFileReference; includeInIndex = 1; lastKnownFileType = text.xcconfig; name = "Pods-MapxusVisualSDKTests.release.xcconfig"; path = "Target Support Files/Pods-MapxusVisualSDKTests/Pods-MapxusVisualSDKTests.release.xcconfig"; sourceTree = "<group>"; };
/* End PBXFileReference section */

/* Begin PBXFrameworksBuildPhase section */
		89E1342729E94AB700D954D1 /* Frameworks */ = {
			isa = PBXFrameworksBuildPhase;
			buildActionMask = 2147483647;
			files = (
				CDF9F2ED676016F292576125 /* Pods_MapxusVisualSDK.framework in Frameworks */,
				89E1348229E95B1600D954D1 /* MapxusBaseSDK.xcframework in Frameworks */,
			);
			runOnlyForDeploymentPostprocessing = 0;
		};
		89E1342F29E94AB700D954D1 /* Frameworks */ = {
			isa = PBXFrameworksBuildPhase;
			buildActionMask = 2147483647;
			files = (
				89E1343329E94AB700D954D1 /* MapxusVisualSDK.framework in Frameworks */,
				888F85238748BB36D4784505 /* Pods_MapxusVisualSDKTests.framework in Frameworks */,
			);
			runOnlyForDeploymentPostprocessing = 0;
		};
/* End PBXFrameworksBuildPhase section */

/* Begin PBXGroup section */
		8898230FBB46EF59727EF0FF /* Pods */ = {
			isa = PBXGroup;
			children = (
				BB40138B5A842DA3B18FD6BA /* Pods-MapxusVisualSDK.debug.xcconfig */,
				17CFE7D3EA59E24F6E841186 /* Pods-MapxusVisualSDK.release.xcconfig */,
				1FC1CB85783DB2E40F02015B /* Pods-MapxusVisualSDKTests.debug.xcconfig */,
				FDBD4C8D1AF7F8AFB5DD71B6 /* Pods-MapxusVisualSDKTests.release.xcconfig */,
			);
			path = Pods;
			sourceTree = "<group>";
		};
		89E1342029E94AB700D954D1 = {
			isa = PBXGroup;
			children = (
				89E1346829E95ABA00D954D1 /* Gemfile */,
				89E1346929E95ABA00D954D1 /* BuildConfig */,
				89E1347329E95ABA00D954D1 /* AutoBuild.sh */,
				89E1346629E95ABA00D954D1 /* IOS-Universal-Framework_aggregate.sh */,
				89E1346729E95ABA00D954D1 /* UploadCocoapods.sh */,
				89E1342C29E94AB700D954D1 /* MapxusVisualSDK */,
				89E1343629E94AB700D954D1 /* MapxusVisualSDKTests */,
				89E1342B29E94AB700D954D1 /* Products */,
				8898230FBB46EF59727EF0FF /* Pods */,
				F7E8061466C4C89A407D1B29 /* Frameworks */,
			);
			sourceTree = "<group>";
		};
		89E1342B29E94AB700D954D1 /* Products */ = {
			isa = PBXGroup;
			children = (
				89E1342A29E94AB700D954D1 /* MapxusVisualSDK.framework */,
				89E1343229E94AB700D954D1 /* MapxusVisualSDKTests.xctest */,
			);
			name = Products;
			sourceTree = "<group>";
		};
		89E1342C29E94AB700D954D1 /* MapxusVisualSDK */ = {
			isa = PBXGroup;
			children = (
				89E1344E29E94E0900D954D1 /* Resources */,
				89E1344429E94E0900D954D1 /* BasePrivate */,
				89E1344329E94E0900D954D1 /* MXMNode.h */,
				89E1344B29E94E0900D954D1 /* MXMNode.m */,
				89E1344D29E94E0900D954D1 /* MXMNodeGroup.h */,
				89E1345129E94E0900D954D1 /* MXMNodeGroup.m */,
				89E1345029E94E0900D954D1 /* MXMVisualSearch.h */,
				89E1345429E94E0A00D954D1 /* MXMVisualSearch.m */,
				89E1344229E94E0900D954D1 /* MXMVisualSearchOption.h */,
				89E1345229E94E0900D954D1 /* MXMVisualSearchOption.m */,
				89E1345329E94E0900D954D1 /* MXMVisualView.h */,
				89E1344C29E94E0900D954D1 /* MXMVisualView.m */,
				89E1342D29E94AB700D954D1 /* MapxusVisualSDK.h */,
			);
			path = MapxusVisualSDK;
			sourceTree = "<group>";
		};
		89E1343629E94AB700D954D1 /* MapxusVisualSDKTests */ = {
			isa = PBXGroup;
			children = (
				89E1343729E94AB700D954D1 /* MapxusVisualSDKTests.m */,
			);
			path = MapxusVisualSDKTests;
			sourceTree = "<group>";
		};
		89E1344429E94E0900D954D1 /* BasePrivate */ = {
			isa = PBXGroup;
			children = (
				89E1344529E94E0900D954D1 /* MXMHttpManager.h */,
				89E1344629E94E0900D954D1 /* JXJsonFunctionDefine.h */,
				89E1344729E94E0900D954D1 /* MXMLoggerService.h */,
				89E1344829E94E0900D954D1 /* NSString+Compare.h */,
				89E1344929E94E0900D954D1 /* MXMMapServices+Private.h */,
				89E1344A29E94E0900D954D1 /* MXMConstants.h */,
			);
			path = BasePrivate;
			sourceTree = "<group>";
		};
		89E1344E29E94E0900D954D1 /* Resources */ = {
			isa = PBXGroup;
			children = (
				89E1344F29E94E0900D954D1 /* MXMVisualBrowse.html */,
			);
			path = Resources;
			sourceTree = "<group>";
		};
		89E1346929E95ABA00D954D1 /* BuildConfig */ = {
			isa = PBXGroup;
			children = (
				89E1346C29E95ABA00D954D1 /* common.xcconfig */,
				89E1346B29E95ABA00D954D1 /* kawasaki.prod.xcconfig */,
				89E1346E29E95ABA00D954D1 /* mapxus.prod.xcconfig */,
				89E1346F29E95ABA00D954D1 /* landsd.prod.xcconfig */,
				89E1347029E95ABA00D954D1 /* mapxus.test.xcconfig */,
				89E1347129E95ABA00D954D1 /* landsd.test.xcconfig */,
			);
			path = BuildConfig;
			sourceTree = "<group>";
		};
		F7E8061466C4C89A407D1B29 /* Frameworks */ = {
			isa = PBXGroup;
			children = (
				89E1348129E95B1600D954D1 /* MapxusBaseSDK.xcframework */,
				63ED1474C379D3C91CD43C9C /* Pods_MapxusVisualSDK.framework */,
				02ED9855B55C64D64B073469 /* Pods_MapxusVisualSDKTests.framework */,
			);
			name = Frameworks;
			sourceTree = "<group>";
		};
/* End PBXGroup section */

/* Begin PBXHeadersBuildPhase section */
		89E1342529E94AB700D954D1 /* Headers */ = {
			isa = PBXHeadersBuildPhase;
			buildActionMask = 2147483647;
			files = (
				89E1345B29E94E0A00D954D1 /* MXMMapServices+Private.h in Headers */,
				89E1346429E94E0A00D954D1 /* MXMVisualView.h in Headers */,
				89E1345F29E94E0A00D954D1 /* MXMNodeGroup.h in Headers */,
				89E1346129E94E0A00D954D1 /* MXMVisualSearch.h in Headers */,
				89E1345529E94E0A00D954D1 /* MXMVisualSearchOption.h in Headers */,
				89E1345629E94E0A00D954D1 /* MXMNode.h in Headers */,
				89E1345829E94E0A00D954D1 /* JXJsonFunctionDefine.h in Headers */,
				89E1345C29E94E0A00D954D1 /* MXMConstants.h in Headers */,
				89E1345929E94E0A00D954D1 /* MXMLoggerService.h in Headers */,
				89E1343929E94AB700D954D1 /* MapxusVisualSDK.h in Headers */,
				89E1345729E94E0A00D954D1 /* MXMHttpManager.h in Headers */,
				89E1345A29E94E0A00D954D1 /* NSString+Compare.h in Headers */,
			);
			runOnlyForDeploymentPostprocessing = 0;
		};
/* End PBXHeadersBuildPhase section */

/* Begin PBXNativeTarget section */
		89E1342929E94AB700D954D1 /* MapxusVisualSDK */ = {
			isa = PBXNativeTarget;
			buildConfigurationList = 89E1343C29E94AB700D954D1 /* Build configuration list for PBXNativeTarget "MapxusVisualSDK" */;
			buildPhases = (
				F9F78A869A224938F6949AFC /* [CP] Check Pods Manifest.lock */,
				89E1342529E94AB700D954D1 /* Headers */,
				89E1342629E94AB700D954D1 /* Sources */,
				89E1342729E94AB700D954D1 /* Frameworks */,
				89E1342829E94AB700D954D1 /* Resources */,
			);
			buildRules = (
			);
			dependencies = (
			);
			name = MapxusVisualSDK;
			productName = MapxusVisualSDK;
			productReference = 89E1342A29E94AB700D954D1 /* MapxusVisualSDK.framework */;
			productType = "com.apple.product-type.framework";
		};
		89E1343129E94AB700D954D1 /* MapxusVisualSDKTests */ = {
			isa = PBXNativeTarget;
			buildConfigurationList = 89E1343F29E94AB700D954D1 /* Build configuration list for PBXNativeTarget "MapxusVisualSDKTests" */;
			buildPhases = (
				7AD0893CE3470B90F3786D0C /* [CP] Check Pods Manifest.lock */,
				89E1342E29E94AB700D954D1 /* Sources */,
				89E1342F29E94AB700D954D1 /* Frameworks */,
				89E1343029E94AB700D954D1 /* Resources */,
			);
			buildRules = (
			);
			dependencies = (
				89E1343529E94AB700D954D1 /* PBXTargetDependency */,
			);
			name = MapxusVisualSDKTests;
			productName = MapxusVisualSDKTests;
			productReference = 89E1343229E94AB700D954D1 /* MapxusVisualSDKTests.xctest */;
			productType = "com.apple.product-type.bundle.unit-test";
		};
/* End PBXNativeTarget section */

/* Begin PBXProject section */
		89E1342129E94AB700D954D1 /* Project object */ = {
			isa = PBXProject;
			attributes = {
				BuildIndependentTargetsInParallel = 1;
				LastUpgradeCheck = 1430;
				TargetAttributes = {
					89E1342929E94AB700D954D1 = {
						CreatedOnToolsVersion = 14.3;
					};
					89E1343129E94AB700D954D1 = {
						CreatedOnToolsVersion = 14.3;
					};
					89E1348529E95B9800D954D1 = {
						CreatedOnToolsVersion = 14.3;
					};
				};
			};
			buildConfigurationList = 89E1342429E94AB700D954D1 /* Build configuration list for PBXProject "MapxusVisualSDK" */;
			compatibilityVersion = "Xcode 14.0";
			developmentRegion = en;
			hasScannedForEncodings = 0;
			knownRegions = (
				en,
				Base,
			);
			mainGroup = 89E1342029E94AB700D954D1;
			productRefGroup = 89E1342B29E94AB700D954D1 /* Products */;
			projectDirPath = "";
			projectRoot = "";
			targets = (
				89E1342929E94AB700D954D1 /* MapxusVisualSDK */,
				89E1343129E94AB700D954D1 /* MapxusVisualSDKTests */,
				89E1348529E95B9800D954D1 /* MapxusVisualSDK-Universal */,
			);
		};
/* End PBXProject section */

/* Begin PBXResourcesBuildPhase section */
		89E1342829E94AB700D954D1 /* Resources */ = {
			isa = PBXResourcesBuildPhase;
			buildActionMask = 2147483647;
			files = (
				89E1346029E94E0A00D954D1 /* MXMVisualBrowse.html in Resources */,
			);
			runOnlyForDeploymentPostprocessing = 0;
		};
		89E1343029E94AB700D954D1 /* Resources */ = {
			isa = PBXResourcesBuildPhase;
			buildActionMask = 2147483647;
			files = (
			);
			runOnlyForDeploymentPostprocessing = 0;
		};
/* End PBXResourcesBuildPhase section */

/* Begin PBXShellScriptBuildPhase section */
		7AD0893CE3470B90F3786D0C /* [CP] Check Pods Manifest.lock */ = {
			isa = PBXShellScriptBuildPhase;
			buildActionMask = 2147483647;
			files = (
			);
			inputFileListPaths = (
			);
			inputPaths = (
				"${PODS_PODFILE_DIR_PATH}/Podfile.lock",
				"${PODS_ROOT}/Manifest.lock",
			);
			name = "[CP] Check Pods Manifest.lock";
			outputFileListPaths = (
			);
			outputPaths = (
				"$(DERIVED_FILE_DIR)/Pods-MapxusVisualSDKTests-checkManifestLockResult.txt",
			);
			runOnlyForDeploymentPostprocessing = 0;
			shellPath = /bin/sh;
			shellScript = "diff \"${PODS_PODFILE_DIR_PATH}/Podfile.lock\" \"${PODS_ROOT}/Manifest.lock\" > /dev/null\nif [ $? != 0 ] ; then\n    # print error to STDERR\n    echo \"error: The sandbox is not in sync with the Podfile.lock. Run 'pod install' or update your CocoaPods installation.\" >&2\n    exit 1\nfi\n# This output is used by Xcode 'outputs' to avoid re-running this script phase.\necho \"SUCCESS\" > \"${SCRIPT_OUTPUT_FILE_0}\"\n";
			showEnvVarsInLog = 0;
		};
		89E1348929E95B9C00D954D1 /* ShellScript */ = {
			isa = PBXShellScriptBuildPhase;
			buildActionMask = 2147483647;
			files = (
			);
			inputFileListPaths = (
			);
			inputPaths = (
			);
			outputFileListPaths = (
			);
			outputPaths = (
			);
			runOnlyForDeploymentPostprocessing = 0;
			shellPath = /bin/sh;
			shellScript = "# Type a script or drag a script file from your workspace to insert its path.\nbash \"${PROJECT_DIR}/IOS-Universal-Framework_aggregate.sh\"\n";
		};
		F9F78A869A224938F6949AFC /* [CP] Check Pods Manifest.lock */ = {
			isa = PBXShellScriptBuildPhase;
			buildActionMask = 2147483647;
			files = (
			);
			inputFileListPaths = (
			);
			inputPaths = (
				"${PODS_PODFILE_DIR_PATH}/Podfile.lock",
				"${PODS_ROOT}/Manifest.lock",
			);
			name = "[CP] Check Pods Manifest.lock";
			outputFileListPaths = (
			);
			outputPaths = (
				"$(DERIVED_FILE_DIR)/Pods-MapxusVisualSDK-checkManifestLockResult.txt",
			);
			runOnlyForDeploymentPostprocessing = 0;
			shellPath = /bin/sh;
			shellScript = "diff \"${PODS_PODFILE_DIR_PATH}/Podfile.lock\" \"${PODS_ROOT}/Manifest.lock\" > /dev/null\nif [ $? != 0 ] ; then\n    # print error to STDERR\n    echo \"error: The sandbox is not in sync with the Podfile.lock. Run 'pod install' or update your CocoaPods installation.\" >&2\n    exit 1\nfi\n# This output is used by Xcode 'outputs' to avoid re-running this script phase.\necho \"SUCCESS\" > \"${SCRIPT_OUTPUT_FILE_0}\"\n";
			showEnvVarsInLog = 0;
		};
/* End PBXShellScriptBuildPhase section */

/* Begin PBXSourcesBuildPhase section */
		89E1342629E94AB700D954D1 /* Sources */ = {
			isa = PBXSourcesBuildPhase;
			buildActionMask = 2147483647;
			files = (
				89E1346529E94E0A00D954D1 /* MXMVisualSearch.m in Sources */,
				89E1345D29E94E0A00D954D1 /* MXMNode.m in Sources */,
				89E1345E29E94E0A00D954D1 /* MXMVisualView.m in Sources */,
				89E1346229E94E0A00D954D1 /* MXMNodeGroup.m in Sources */,
				89E1346329E94E0A00D954D1 /* MXMVisualSearchOption.m in Sources */,
			);
			runOnlyForDeploymentPostprocessing = 0;
		};
		89E1342E29E94AB700D954D1 /* Sources */ = {
			isa = PBXSourcesBuildPhase;
			buildActionMask = 2147483647;
			files = (
				89E1343829E94AB700D954D1 /* MapxusVisualSDKTests.m in Sources */,
			);
			runOnlyForDeploymentPostprocessing = 0;
		};
/* End PBXSourcesBuildPhase section */

/* Begin PBXTargetDependency section */
		89E1343529E94AB700D954D1 /* PBXTargetDependency */ = {
			isa = PBXTargetDependency;
			target = 89E1342929E94AB700D954D1 /* MapxusVisualSDK */;
			targetProxy = 89E1343429E94AB700D954D1 /* PBXContainerItemProxy */;
		};
/* End PBXTargetDependency section */

/* Begin XCBuildConfiguration section */
		89E1343A29E94AB700D954D1 /* Debug */ = {
			isa = XCBuildConfiguration;
			baseConfigurationReference = 89E1346E29E95ABA00D954D1 /* mapxus.prod.xcconfig */;
			buildSettings = {
				ALWAYS_SEARCH_USER_PATHS = NO;
				CLANG_ANALYZER_NONNULL = YES;
				CLANG_ANALYZER_NUMBER_OBJECT_CONVERSION = YES_AGGRESSIVE;
				CLANG_CXX_LANGUAGE_STANDARD = "gnu++20";
				CLANG_ENABLE_MODULES = YES;
				CLANG_ENABLE_OBJC_ARC = YES;
				CLANG_ENABLE_OBJC_WEAK = YES;
				CLANG_WARN_BLOCK_CAPTURE_AUTORELEASING = YES;
				CLANG_WARN_BOOL_CONVERSION = YES;
				CLANG_WARN_COMMA = YES;
				CLANG_WARN_CONSTANT_CONVERSION = YES;
				CLANG_WARN_DEPRECATED_OBJC_IMPLEMENTATIONS = YES;
				CLANG_WARN_DIRECT_OBJC_ISA_USAGE = YES_ERROR;
				CLANG_WARN_DOCUMENTATION_COMMENTS = YES;
				CLANG_WARN_EMPTY_BODY = YES;
				CLANG_WARN_ENUM_CONVERSION = YES;
				CLANG_WARN_INFINITE_RECURSION = YES;
				CLANG_WARN_INT_CONVERSION = YES;
				CLANG_WARN_NON_LITERAL_NULL_CONVERSION = YES;
				CLANG_WARN_OBJC_IMPLICIT_RETAIN_SELF = YES;
				CLANG_WARN_OBJC_LITERAL_CONVERSION = YES;
				CLANG_WARN_OBJC_ROOT_CLASS = YES_ERROR;
				CLANG_WARN_QUOTED_INCLUDE_IN_FRAMEWORK_HEADER = YES;
				CLANG_WARN_RANGE_LOOP_ANALYSIS = YES;
				CLANG_WARN_STRICT_PROTOTYPES = YES;
				CLANG_WARN_SUSPICIOUS_MOVE = YES;
				CLANG_WARN_UNGUARDED_AVAILABILITY = YES_AGGRESSIVE;
				CLANG_WARN_UNREACHABLE_CODE = YES;
				CLANG_WARN__DUPLICATE_METHOD_MATCH = YES;
				COPY_PHASE_STRIP = NO;
				CURRENT_PROJECT_VERSION = 23.06.29.12.03;
				DEBUG_INFORMATION_FORMAT = dwarf;
				ENABLE_STRICT_OBJC_MSGSEND = YES;
				ENABLE_TESTABILITY = YES;
				GCC_C_LANGUAGE_STANDARD = gnu11;
				GCC_DYNAMIC_NO_PIC = NO;
				GCC_NO_COMMON_BLOCKS = YES;
				GCC_OPTIMIZATION_LEVEL = 0;
				GCC_PREPROCESSOR_DEFINITIONS = (
					"DEBUG=1",
					"$(inherited)",
				);
				GCC_WARN_64_TO_32_BIT_CONVERSION = YES;
				GCC_WARN_ABOUT_RETURN_TYPE = YES_ERROR;
				GCC_WARN_UNDECLARED_SELECTOR = YES;
				GCC_WARN_UNINITIALIZED_AUTOS = YES_AGGRESSIVE;
				GCC_WARN_UNUSED_FUNCTION = YES;
				GCC_WARN_UNUSED_VARIABLE = YES;
				IPHONEOS_DEPLOYMENT_TARGET = 16.4;
				MTL_ENABLE_DEBUG_INFO = INCLUDE_SOURCE;
				MTL_FAST_MATH = YES;
				ONLY_ACTIVE_ARCH = YES;
				SDKROOT = iphoneos;
				VERSIONING_SYSTEM = "apple-generic";
				VERSION_INFO_PREFIX = "";
			};
			name = Debug;
		};
		89E1343B29E94AB700D954D1 /* Release */ = {
			isa = XCBuildConfiguration;
			baseConfigurationReference = 89E1346E29E95ABA00D954D1 /* mapxus.prod.xcconfig */;
			buildSettings = {
				ALWAYS_SEARCH_USER_PATHS = NO;
				CLANG_ANALYZER_NONNULL = YES;
				CLANG_ANALYZER_NUMBER_OBJECT_CONVERSION = YES_AGGRESSIVE;
				CLANG_CXX_LANGUAGE_STANDARD = "gnu++20";
				CLANG_ENABLE_MODULES = YES;
				CLANG_ENABLE_OBJC_ARC = YES;
				CLANG_ENABLE_OBJC_WEAK = YES;
				CLANG_WARN_BLOCK_CAPTURE_AUTORELEASING = YES;
				CLANG_WARN_BOOL_CONVERSION = YES;
				CLANG_WARN_COMMA = YES;
				CLANG_WARN_CONSTANT_CONVERSION = YES;
				CLANG_WARN_DEPRECATED_OBJC_IMPLEMENTATIONS = YES;
				CLANG_WARN_DIRECT_OBJC_ISA_USAGE = YES_ERROR;
				CLANG_WARN_DOCUMENTATION_COMMENTS = YES;
				CLANG_WARN_EMPTY_BODY = YES;
				CLANG_WARN_ENUM_CONVERSION = YES;
				CLANG_WARN_INFINITE_RECURSION = YES;
				CLANG_WARN_INT_CONVERSION = YES;
				CLANG_WARN_NON_LITERAL_NULL_CONVERSION = YES;
				CLANG_WARN_OBJC_IMPLICIT_RETAIN_SELF = YES;
				CLANG_WARN_OBJC_LITERAL_CONVERSION = YES;
				CLANG_WARN_OBJC_ROOT_CLASS = YES_ERROR;
				CLANG_WARN_QUOTED_INCLUDE_IN_FRAMEWORK_HEADER = YES;
				CLANG_WARN_RANGE_LOOP_ANALYSIS = YES;
				CLANG_WARN_STRICT_PROTOTYPES = YES;
				CLANG_WARN_SUSPICIOUS_MOVE = YES;
				CLANG_WARN_UNGUARDED_AVAILABILITY = YES_AGGRESSIVE;
				CLANG_WARN_UNREACHABLE_CODE = YES;
				CLANG_WARN__DUPLICATE_METHOD_MATCH = YES;
				COPY_PHASE_STRIP = NO;
				CURRENT_PROJECT_VERSION = 23.06.29.12.03;
				DEBUG_INFORMATION_FORMAT = "dwarf-with-dsym";
				ENABLE_NS_ASSERTIONS = NO;
				ENABLE_STRICT_OBJC_MSGSEND = YES;
				GCC_C_LANGUAGE_STANDARD = gnu11;
				GCC_NO_COMMON_BLOCKS = YES;
				GCC_WARN_64_TO_32_BIT_CONVERSION = YES;
				GCC_WARN_ABOUT_RETURN_TYPE = YES_ERROR;
				GCC_WARN_UNDECLARED_SELECTOR = YES;
				GCC_WARN_UNINITIALIZED_AUTOS = YES_AGGRESSIVE;
				GCC_WARN_UNUSED_FUNCTION = YES;
				GCC_WARN_UNUSED_VARIABLE = YES;
				IPHONEOS_DEPLOYMENT_TARGET = 16.4;
				MTL_ENABLE_DEBUG_INFO = NO;
				MTL_FAST_MATH = YES;
				SDKROOT = iphoneos;
				VALIDATE_PRODUCT = YES;
				VERSIONING_SYSTEM = "apple-generic";
				VERSION_INFO_PREFIX = "";
			};
			name = Release;
		};
		89E1343D29E94AB700D954D1 /* Debug */ = {
			isa = XCBuildConfiguration;
			baseConfigurationReference = BB40138B5A842DA3B18FD6BA /* Pods-MapxusVisualSDK.debug.xcconfig */;
			buildSettings = {
				CODE_SIGN_STYLE = Manual;
				CURRENT_PROJECT_VERSION = 23.06.29.12.03;
				DEFINES_MODULE = YES;
				DEVELOPMENT_TEAM = "";
				DYLIB_COMPATIBILITY_VERSION = 1;
				DYLIB_CURRENT_VERSION = 23.06.29.12.03;
				DYLIB_INSTALL_NAME_BASE = "@rpath";
				ENABLE_MODULE_VERIFIER = YES;
				GENERATE_INFOPLIST_FILE = YES;
				INFOPLIST_KEY_NSHumanReadableCopyright = "";
				INSTALL_PATH = "$(LOCAL_LIBRARY_DIR)/Frameworks";
				IPHONEOS_DEPLOYMENT_TARGET = 9.0;
				LD_RUNPATH_SEARCH_PATHS = (
					"$(inherited)",
					"@executable_path/Frameworks",
					"@loader_path/Frameworks",
				);
				MARKETING_VERSION = 6.1.0;
				MODULE_VERIFIER_SUPPORTED_LANGUAGES = "objective-c objective-c++";
				MODULE_VERIFIER_SUPPORTED_LANGUAGE_STANDARDS = "gnu11 gnu++20";
				PRODUCT_BUNDLE_IDENTIFIER = "$(BUNDLE_ID)";
				PRODUCT_NAME = "$(TARGET_NAME:c99extidentifier)";
				PROVISIONING_PROFILE_SPECIFIER = "";
				SKIP_INSTALL = YES;
				STRIP_STYLE = "non-global";
				SWIFT_EMIT_LOC_STRINGS = YES;
				TARGETED_DEVICE_FAMILY = "1,2";
			};
			name = Debug;
		};
		89E1343E29E94AB700D954D1 /* Release */ = {
			isa = XCBuildConfiguration;
			baseConfigurationReference = 17CFE7D3EA59E24F6E841186 /* Pods-MapxusVisualSDK.release.xcconfig */;
			buildSettings = {
				CODE_SIGN_STYLE = Manual;
				CURRENT_PROJECT_VERSION = 23.06.29.12.03;
				DEFINES_MODULE = YES;
				DEVELOPMENT_TEAM = "";
				DYLIB_COMPATIBILITY_VERSION = 1;
				DYLIB_CURRENT_VERSION = 23.06.29.12.03;
				DYLIB_INSTALL_NAME_BASE = "@rpath";
				ENABLE_MODULE_VERIFIER = YES;
				GENERATE_INFOPLIST_FILE = YES;
				INFOPLIST_KEY_NSHumanReadableCopyright = "";
				INSTALL_PATH = "$(LOCAL_LIBRARY_DIR)/Frameworks";
				IPHONEOS_DEPLOYMENT_TARGET = 9.0;
				LD_RUNPATH_SEARCH_PATHS = (
					"$(inherited)",
					"@executable_path/Frameworks",
					"@loader_path/Frameworks",
				);
				MARKETING_VERSION = 6.1.0;
				MODULE_VERIFIER_SUPPORTED_LANGUAGES = "objective-c objective-c++";
				MODULE_VERIFIER_SUPPORTED_LANGUAGE_STANDARDS = "gnu11 gnu++20";
				PRODUCT_BUNDLE_IDENTIFIER = "$(BUNDLE_ID)";
				PRODUCT_NAME = "$(TARGET_NAME:c99extidentifier)";
				PROVISIONING_PROFILE_SPECIFIER = "";
				SKIP_INSTALL = YES;
				STRIP_STYLE = "non-global";
				SWIFT_EMIT_LOC_STRINGS = YES;
				TARGETED_DEVICE_FAMILY = "1,2";
			};
			name = Release;
		};
		89E1344029E94AB700D954D1 /* Debug */ = {
			isa = XCBuildConfiguration;
			baseConfigurationReference = 1FC1CB85783DB2E40F02015B /* Pods-MapxusVisualSDKTests.debug.xcconfig */;
			buildSettings = {
				CODE_SIGN_STYLE = Automatic;
				CURRENT_PROJECT_VERSION = 23.06.29.12.03;
				DEVELOPMENT_TEAM = ZNBZ7BZAKZ;
				GENERATE_INFOPLIST_FILE = YES;
				MARKETING_VERSION = 1.0;
				PRODUCT_BUNDLE_IDENTIFIER = com.mapxus.MapxusVisualSDKTests;
				PRODUCT_NAME = "$(TARGET_NAME)";
				SWIFT_EMIT_LOC_STRINGS = NO;
				TARGETED_DEVICE_FAMILY = "1,2";
			};
			name = Debug;
		};
		89E1344129E94AB700D954D1 /* Release */ = {
			isa = XCBuildConfiguration;
			baseConfigurationReference = FDBD4C8D1AF7F8AFB5DD71B6 /* Pods-MapxusVisualSDKTests.release.xcconfig */;
			buildSettings = {
				CODE_SIGN_STYLE = Automatic;
				CURRENT_PROJECT_VERSION = 23.06.29.12.03;
				DEVELOPMENT_TEAM = ZNBZ7BZAKZ;
				GENERATE_INFOPLIST_FILE = YES;
				MARKETING_VERSION = 1.0;
				PRODUCT_BUNDLE_IDENTIFIER = com.mapxus.MapxusVisualSDKTests;
				PRODUCT_NAME = "$(TARGET_NAME)";
				SWIFT_EMIT_LOC_STRINGS = NO;
				TARGETED_DEVICE_FAMILY = "1,2";
			};
			name = Release;
		};
		89E1348729E95B9800D954D1 /* Debug */ = {
			isa = XCBuildConfiguration;
			buildSettings = {
				CODE_SIGN_STYLE = Automatic;
				DEVELOPMENT_TEAM = ZNBZ7BZAKZ;
				PRODUCT_NAME = "$(TARGET_NAME)";
			};
			name = Debug;
		};
		89E1348829E95B9800D954D1 /* Release */ = {
			isa = XCBuildConfiguration;
			buildSettings = {
				CODE_SIGN_STYLE = Automatic;
				DEVELOPMENT_TEAM = ZNBZ7BZAKZ;
				PRODUCT_NAME = "$(TARGET_NAME)";
			};
			name = Release;
		};
/* End XCBuildConfiguration section */

/* Begin XCConfigurationList section */
		89E1342429E94AB700D954D1 /* Build configuration list for PBXProject "MapxusVisualSDK" */ = {
			isa = XCConfigurationList;
			buildConfigurations = (
				89E1343A29E94AB700D954D1 /* Debug */,
				89E1343B29E94AB700D954D1 /* Release */,
			);
			defaultConfigurationIsVisible = 0;
			defaultConfigurationName = Release;
		};
		89E1343C29E94AB700D954D1 /* Build configuration list for PBXNativeTarget "MapxusVisualSDK" */ = {
			isa = XCConfigurationList;
			buildConfigurations = (
				89E1343D29E94AB700D954D1 /* Debug */,
				89E1343E29E94AB700D954D1 /* Release */,
			);
			defaultConfigurationIsVisible = 0;
			defaultConfigurationName = Release;
		};
		89E1343F29E94AB700D954D1 /* Build configuration list for PBXNativeTarget "MapxusVisualSDKTests" */ = {
			isa = XCConfigurationList;
			buildConfigurations = (
				89E1344029E94AB700D954D1 /* Debug */,
				89E1344129E94AB700D954D1 /* Release */,
			);
			defaultConfigurationIsVisible = 0;
			defaultConfigurationName = Release;
		};
		89E1348629E95B9800D954D1 /* Build configuration list for PBXAggregateTarget "MapxusVisualSDK-Universal" */ = {
			isa = XCConfigurationList;
			buildConfigurations = (
				89E1348729E95B9800D954D1 /* Debug */,
				89E1348829E95B9800D954D1 /* Release */,
			);
			defaultConfigurationIsVisible = 0;
			defaultConfigurationName = Release;
		};
/* End XCConfigurationList section */
	};
	rootObject = 89E1342129E94AB700D954D1 /* Project object */;
}
